// !$*UTF8*$!
{
	archiveVersion = 1;
	classes = {
	};
	objectVersion = 56;
	objects = {

/* Begin PBXBuildFile section */
		F93319E12B2F27A8007D69F6 /* DictionaryEnum.swift in Sources */ = {isa = PBXBuildFile; fileRef = F93319E02B2F27A8007D69F6 /* DictionaryEnum.swift */; };
		F93319F72B3184E0007D69F6 /* Realm in Frameworks */ = {isa = PBXBuildFile; productRef = F93319F62B3184E0007D69F6 /* Realm */; };
		F93319F92B3184E0007D69F6 /* RealmSwift in Frameworks */ = {isa = PBXBuildFile; productRef = F93319F82B3184E0007D69F6 /* RealmSwift */; };
		F93319FC2B3184F1007D69F6 /* SnapKit in Frameworks */ = {isa = PBXBuildFile; productRef = F93319FB2B3184F1007D69F6 /* SnapKit */; };
		F9331A012B328948007D69F6 /* Transportation.swift in Sources */ = {isa = PBXBuildFile; fileRef = F9331A002B328948007D69F6 /* Transportation.swift */; };
		F9331A032B3289BE007D69F6 /* Accommodation.swift in Sources */ = {isa = PBXBuildFile; fileRef = F9331A022B3289BE007D69F6 /* Accommodation.swift */; };
		F9331A052B3289EA007D69F6 /* TravelActivitiesVoca.swift in Sources */ = {isa = PBXBuildFile; fileRef = F9331A042B3289EA007D69F6 /* TravelActivitiesVoca.swift */; };
		F9331A072B328A00007D69F6 /* TravelEssentials.swift in Sources */ = {isa = PBXBuildFile; fileRef = F9331A062B328A00007D69F6 /* TravelEssentials.swift */; };
		F9331A092B328A25007D69F6 /* DiningVoca.swift in Sources */ = {isa = PBXBuildFile; fileRef = F9331A082B328A25007D69F6 /* DiningVoca.swift */; };
		F9331A0B2B328A52007D69F6 /* LeisuretravelVoca.swift in Sources */ = {isa = PBXBuildFile; fileRef = F9331A0A2B328A52007D69F6 /* LeisuretravelVoca.swift */; };
		F9331A0D2B328A5F007D69F6 /* CommunicationtravelVoca.swift in Sources */ = {isa = PBXBuildFile; fileRef = F9331A0C2B328A5F007D69F6 /* CommunicationtravelVoca.swift */; };
		F9331A0F2B328A69007D69F6 /* FacilitiestravelVoca.swift in Sources */ = {isa = PBXBuildFile; fileRef = F9331A0E2B328A69007D69F6 /* FacilitiestravelVoca.swift */; };
		F9331A112B328A7F007D69F6 /* CulturetravelVoca.swift in Sources */ = {isa = PBXBuildFile; fileRef = F9331A102B328A7F007D69F6 /* CulturetravelVoca.swift */; };
		F9331A132B32BE39007D69F6 /* CategoryDetailVC.swift in Sources */ = {isa = PBXBuildFile; fileRef = F9331A122B32BE39007D69F6 /* CategoryDetailVC.swift */; };
		F9739EE12B23084600FA1F8E /* AppDelegate.swift in Sources */ = {isa = PBXBuildFile; fileRef = F9739EE02B23084600FA1F8E /* AppDelegate.swift */; };
		F9739EE32B23084600FA1F8E /* SceneDelegate.swift in Sources */ = {isa = PBXBuildFile; fileRef = F9739EE22B23084600FA1F8E /* SceneDelegate.swift */; };
		F9739EEA2B23084900FA1F8E /* Assets.xcassets in Resources */ = {isa = PBXBuildFile; fileRef = F9739EE92B23084900FA1F8E /* Assets.xcassets */; };
		F9739EED2B23084900FA1F8E /* LaunchScreen.storyboard in Resources */ = {isa = PBXBuildFile; fileRef = F9739EEB2B23084900FA1F8E /* LaunchScreen.storyboard */; };
		F9739EFF2B230F4F00FA1F8E /* TabBarController.swift in Sources */ = {isa = PBXBuildFile; fileRef = F9739EFE2B230F4F00FA1F8E /* TabBarController.swift */; };
		F9739F0C2B23111E00FA1F8E /* .swiftlint.yml in Resources */ = {isa = PBXBuildFile; fileRef = F9739F0B2B23111E00FA1F8E /* .swiftlint.yml */; };
		F9739F0E2B23157800FA1F8E /* VocaVC.swift in Sources */ = {isa = PBXBuildFile; fileRef = F9739F0D2B23157800FA1F8E /* VocaVC.swift */; };
		F9739F102B23158900FA1F8E /* VocaView.swift in Sources */ = {isa = PBXBuildFile; fileRef = F9739F0F2B23158900FA1F8E /* VocaView.swift */; };
		F9739F122B23159400FA1F8E /* VocaTranslatedVM.swift in Sources */ = {isa = PBXBuildFile; fileRef = F9739F112B23159400FA1F8E /* VocaTranslatedVM.swift */; };
		F9739F142B2315A600FA1F8E /* VocaTableViewCell.swift in Sources */ = {isa = PBXBuildFile; fileRef = F9739F132B2315A600FA1F8E /* VocaTableViewCell.swift */; };
		F9739F162B233A1800FA1F8E /* UIColor.swift in Sources */ = {isa = PBXBuildFile; fileRef = F9739F152B233A1800FA1F8E /* UIColor.swift */; };
		F9739F1C2B24B03300FA1F8E /* CategoryVC.swift in Sources */ = {isa = PBXBuildFile; fileRef = F9739F1B2B24B03300FA1F8E /* CategoryVC.swift */; };
		F9739F1E2B24B07400FA1F8E /* CategoryVM.swift in Sources */ = {isa = PBXBuildFile; fileRef = F9739F1D2B24B07400FA1F8E /* CategoryVM.swift */; };
		F9739F222B25AF7A00FA1F8E /* CagtegoryCell.swift in Sources */ = {isa = PBXBuildFile; fileRef = F9739F212B25AF7A00FA1F8E /* CagtegoryCell.swift */; };
		F9739F262B25C24700FA1F8E /* VocaWeaveView.swift in Sources */ = {isa = PBXBuildFile; fileRef = F9739F252B25C24700FA1F8E /* VocaWeaveView.swift */; };
		F9739F282B25C25600FA1F8E /* VocaWeaveVC.swift in Sources */ = {isa = PBXBuildFile; fileRef = F9739F272B25C25600FA1F8E /* VocaWeaveVC.swift */; };
		F98B1BBF2B511C7800C71281 /* UINavigationController.swift in Sources */ = {isa = PBXBuildFile; fileRef = F98B1BBE2B511C7800C71281 /* UINavigationController.swift */; };
		F98B1BC12B511C9800C71281 /* UIViewController.swift in Sources */ = {isa = PBXBuildFile; fileRef = F98B1BC02B511C9800C71281 /* UIViewController.swift */; };
		F98B1BC32B511CAC00C71281 /* String.swift in Sources */ = {isa = PBXBuildFile; fileRef = F98B1BC22B511CAC00C71281 /* String.swift */; };
		F99141862B280C4100770379 /* NetworkingManager.swift in Sources */ = {isa = PBXBuildFile; fileRef = F99141852B280C4100770379 /* NetworkingManager.swift */; };
		F99141882B283CEF00770379 /* Error.swift in Sources */ = {isa = PBXBuildFile; fileRef = F99141872B283CEF00770379 /* Error.swift */; };
		F991418C2B28440800770379 /* TranslateResponseModel.swift in Sources */ = {isa = PBXBuildFile; fileRef = F991418B2B28440800770379 /* TranslateResponseModel.swift */; };
		F991418E2B2845E500770379 /* Language.swift in Sources */ = {isa = PBXBuildFile; fileRef = F991418D2B2845E500770379 /* Language.swift */; };
		F99141902B2847FD00770379 /* APIInfo.plist in Resources */ = {isa = PBXBuildFile; fileRef = F991418F2B2847FD00770379 /* APIInfo.plist */; };
		F99141922B29505900770379 /* RealmTranslateModel.swift in Sources */ = {isa = PBXBuildFile; fileRef = F99141912B29505900770379 /* RealmTranslateModel.swift */; };
		F99141952B29539F00770379 /* VocaTranslatedManager.swift in Sources */ = {isa = PBXBuildFile; fileRef = F99141942B29539F00770379 /* VocaTranslatedManager.swift */; };
		F99141972B2953D700770379 /* DependencyInjectable.swift in Sources */ = {isa = PBXBuildFile; fileRef = F99141962B2953D700770379 /* DependencyInjectable.swift */; };
		F99141992B29DCE500770379 /* Section.swift in Sources */ = {isa = PBXBuildFile; fileRef = F99141982B29DCE500770379 /* Section.swift */; };
		F991419D2B2A94A400770379 /* RealmVocaModel.swift in Sources */ = {isa = PBXBuildFile; fileRef = F991419C2B2A94A400770379 /* RealmVocaModel.swift */; };
		F991419F2B2A951900770379 /* VocaListManager.swift in Sources */ = {isa = PBXBuildFile; fileRef = F991419E2B2A951900770379 /* VocaListManager.swift */; };
		F99141A12B2ABF7300770379 /* VocaListVM.swift in Sources */ = {isa = PBXBuildFile; fileRef = F99141A02B2ABF7300770379 /* VocaListVM.swift */; };
		F99141A32B2C3B0000770379 /* VocaTableViewHeaderView.swift in Sources */ = {isa = PBXBuildFile; fileRef = F99141A22B2C3B0000770379 /* VocaTableViewHeaderView.swift */; };
		F9C1D6622B38437500B66B8C /* CategoryDataManager.swift in Sources */ = {isa = PBXBuildFile; fileRef = F9C1D6612B38437500B66B8C /* CategoryDataManager.swift */; };
		F9C6C8652B28092900428D55 /* DictionaryVC.swift in Sources */ = {isa = PBXBuildFile; fileRef = F9C6C8642B28092900428D55 /* DictionaryVC.swift */; };
		F9C6C8672B28093400428D55 /* Dictionaryview.swift in Sources */ = {isa = PBXBuildFile; fileRef = F9C6C8662B28093400428D55 /* Dictionaryview.swift */; };
		F9C6C8692B28094300428D55 /* DictionaryVM.swift in Sources */ = {isa = PBXBuildFile; fileRef = F9C6C8682B28094300428D55 /* DictionaryVM.swift */; };
		F9E5D62A2B270236000A4377 /* VocaWeaveVM.swift in Sources */ = {isa = PBXBuildFile; fileRef = F9E5D6292B270236000A4377 /* VocaWeaveVM.swift */; };
		F9E68CAF2B4AD803002F34F8 /* Lottie in Frameworks */ = {isa = PBXBuildFile; productRef = F9E68CAE2B4AD803002F34F8 /* Lottie */; };
		F9E68CB62B4AD875002F34F8 /* starfill.json in Resources */ = {isa = PBXBuildFile; fileRef = F9E68CB42B4AD875002F34F8 /* starfill.json */; };
		F9E68CB72B4AD875002F34F8 /* disappear.json in Resources */ = {isa = PBXBuildFile; fileRef = F9E68CB52B4AD875002F34F8 /* disappear.json */; };
		F9F04A322B56622D00A0F923 /* OnboardingVC.swift in Sources */ = {isa = PBXBuildFile; fileRef = F9F04A312B56622D00A0F923 /* OnboardingVC.swift */; };
		F9F04A342B56623900A0F923 /* OnboardingVM.swift in Sources */ = {isa = PBXBuildFile; fileRef = F9F04A332B56623900A0F923 /* OnboardingVM.swift */; };
/* End PBXBuildFile section */

/* Begin PBXCopyFilesBuildPhase section */
		F99141A62B2E8E3F00770379 /* Embed Frameworks */ = {
			isa = PBXCopyFilesBuildPhase;
			buildActionMask = 2147483647;
			dstPath = "";
			dstSubfolderSpec = 10;
			files = (
			);
			name = "Embed Frameworks";
			runOnlyForDeploymentPostprocessing = 0;
		};
/* End PBXCopyFilesBuildPhase section */

/* Begin PBXFileReference section */
		F93319E02B2F27A8007D69F6 /* DictionaryEnum.swift */ = {isa = PBXFileReference; lastKnownFileType = sourcecode.swift; path = DictionaryEnum.swift; sourceTree = "<group>"; };
		F9331A002B328948007D69F6 /* Transportation.swift */ = {isa = PBXFileReference; lastKnownFileType = sourcecode.swift; path = Transportation.swift; sourceTree = "<group>"; };
		F9331A022B3289BE007D69F6 /* Accommodation.swift */ = {isa = PBXFileReference; lastKnownFileType = sourcecode.swift; path = Accommodation.swift; sourceTree = "<group>"; };
		F9331A042B3289EA007D69F6 /* TravelActivitiesVoca.swift */ = {isa = PBXFileReference; lastKnownFileType = sourcecode.swift; path = TravelActivitiesVoca.swift; sourceTree = "<group>"; };
		F9331A062B328A00007D69F6 /* TravelEssentials.swift */ = {isa = PBXFileReference; lastKnownFileType = sourcecode.swift; path = TravelEssentials.swift; sourceTree = "<group>"; };
		F9331A082B328A25007D69F6 /* DiningVoca.swift */ = {isa = PBXFileReference; lastKnownFileType = sourcecode.swift; path = DiningVoca.swift; sourceTree = "<group>"; };
		F9331A0A2B328A52007D69F6 /* LeisuretravelVoca.swift */ = {isa = PBXFileReference; lastKnownFileType = sourcecode.swift; path = LeisuretravelVoca.swift; sourceTree = "<group>"; };
		F9331A0C2B328A5F007D69F6 /* CommunicationtravelVoca.swift */ = {isa = PBXFileReference; lastKnownFileType = sourcecode.swift; path = CommunicationtravelVoca.swift; sourceTree = "<group>"; };
		F9331A0E2B328A69007D69F6 /* FacilitiestravelVoca.swift */ = {isa = PBXFileReference; lastKnownFileType = sourcecode.swift; path = FacilitiestravelVoca.swift; sourceTree = "<group>"; };
		F9331A102B328A7F007D69F6 /* CulturetravelVoca.swift */ = {isa = PBXFileReference; lastKnownFileType = sourcecode.swift; path = CulturetravelVoca.swift; sourceTree = "<group>"; };
		F9331A122B32BE39007D69F6 /* CategoryDetailVC.swift */ = {isa = PBXFileReference; lastKnownFileType = sourcecode.swift; path = CategoryDetailVC.swift; sourceTree = "<group>"; };
		F9739EDD2B23084600FA1F8E /* VocaWeaveApp.app */ = {isa = PBXFileReference; explicitFileType = wrapper.application; includeInIndex = 0; path = VocaWeaveApp.app; sourceTree = BUILT_PRODUCTS_DIR; };
		F9739EE02B23084600FA1F8E /* AppDelegate.swift */ = {isa = PBXFileReference; lastKnownFileType = sourcecode.swift; path = AppDelegate.swift; sourceTree = "<group>"; };
		F9739EE22B23084600FA1F8E /* SceneDelegate.swift */ = {isa = PBXFileReference; lastKnownFileType = sourcecode.swift; path = SceneDelegate.swift; sourceTree = "<group>"; };
		F9739EE92B23084900FA1F8E /* Assets.xcassets */ = {isa = PBXFileReference; lastKnownFileType = folder.assetcatalog; path = Assets.xcassets; sourceTree = "<group>"; };
		F9739EEC2B23084900FA1F8E /* Base */ = {isa = PBXFileReference; lastKnownFileType = file.storyboard; name = Base; path = Base.lproj/LaunchScreen.storyboard; sourceTree = "<group>"; };
		F9739EFE2B230F4F00FA1F8E /* TabBarController.swift */ = {isa = PBXFileReference; lastKnownFileType = sourcecode.swift; path = TabBarController.swift; sourceTree = "<group>"; };
		F9739F0B2B23111E00FA1F8E /* .swiftlint.yml */ = {isa = PBXFileReference; lastKnownFileType = text.yaml; path = .swiftlint.yml; sourceTree = "<group>"; };
		F9739F0D2B23157800FA1F8E /* VocaVC.swift */ = {isa = PBXFileReference; lastKnownFileType = sourcecode.swift; path = VocaVC.swift; sourceTree = "<group>"; };
		F9739F0F2B23158900FA1F8E /* VocaView.swift */ = {isa = PBXFileReference; lastKnownFileType = sourcecode.swift; path = VocaView.swift; sourceTree = "<group>"; };
		F9739F112B23159400FA1F8E /* VocaTranslatedVM.swift */ = {isa = PBXFileReference; lastKnownFileType = sourcecode.swift; path = VocaTranslatedVM.swift; sourceTree = "<group>"; };
		F9739F132B2315A600FA1F8E /* VocaTableViewCell.swift */ = {isa = PBXFileReference; lastKnownFileType = sourcecode.swift; path = VocaTableViewCell.swift; sourceTree = "<group>"; };
		F9739F152B233A1800FA1F8E /* UIColor.swift */ = {isa = PBXFileReference; lastKnownFileType = sourcecode.swift; path = UIColor.swift; sourceTree = "<group>"; };
		F9739F1B2B24B03300FA1F8E /* CategoryVC.swift */ = {isa = PBXFileReference; lastKnownFileType = sourcecode.swift; path = CategoryVC.swift; sourceTree = "<group>"; };
		F9739F1D2B24B07400FA1F8E /* CategoryVM.swift */ = {isa = PBXFileReference; lastKnownFileType = sourcecode.swift; path = CategoryVM.swift; sourceTree = "<group>"; };
		F9739F212B25AF7A00FA1F8E /* CagtegoryCell.swift */ = {isa = PBXFileReference; lastKnownFileType = sourcecode.swift; path = CagtegoryCell.swift; sourceTree = "<group>"; };
		F9739F252B25C24700FA1F8E /* VocaWeaveView.swift */ = {isa = PBXFileReference; lastKnownFileType = sourcecode.swift; path = VocaWeaveView.swift; sourceTree = "<group>"; };
		F9739F272B25C25600FA1F8E /* VocaWeaveVC.swift */ = {isa = PBXFileReference; lastKnownFileType = sourcecode.swift; path = VocaWeaveVC.swift; sourceTree = "<group>"; };
		F98B1BBE2B511C7800C71281 /* UINavigationController.swift */ = {isa = PBXFileReference; lastKnownFileType = sourcecode.swift; path = UINavigationController.swift; sourceTree = "<group>"; };
		F98B1BC02B511C9800C71281 /* UIViewController.swift */ = {isa = PBXFileReference; lastKnownFileType = sourcecode.swift; path = UIViewController.swift; sourceTree = "<group>"; };
		F98B1BC22B511CAC00C71281 /* String.swift */ = {isa = PBXFileReference; lastKnownFileType = sourcecode.swift; path = String.swift; sourceTree = "<group>"; };
		F99141852B280C4100770379 /* NetworkingManager.swift */ = {isa = PBXFileReference; lastKnownFileType = sourcecode.swift; path = NetworkingManager.swift; sourceTree = "<group>"; };
		F99141872B283CEF00770379 /* Error.swift */ = {isa = PBXFileReference; lastKnownFileType = sourcecode.swift; path = Error.swift; sourceTree = "<group>"; };
		F991418B2B28440800770379 /* TranslateResponseModel.swift */ = {isa = PBXFileReference; lastKnownFileType = sourcecode.swift; path = TranslateResponseModel.swift; sourceTree = "<group>"; };
		F991418D2B2845E500770379 /* Language.swift */ = {isa = PBXFileReference; lastKnownFileType = sourcecode.swift; path = Language.swift; sourceTree = "<group>"; };
		F991418F2B2847FD00770379 /* APIInfo.plist */ = {isa = PBXFileReference; lastKnownFileType = text.plist.xml; path = APIInfo.plist; sourceTree = "<group>"; };
		F99141912B29505900770379 /* RealmTranslateModel.swift */ = {isa = PBXFileReference; lastKnownFileType = sourcecode.swift; path = RealmTranslateModel.swift; sourceTree = "<group>"; };
		F99141942B29539F00770379 /* VocaTranslatedManager.swift */ = {isa = PBXFileReference; lastKnownFileType = sourcecode.swift; path = VocaTranslatedManager.swift; sourceTree = "<group>"; };
		F99141962B2953D700770379 /* DependencyInjectable.swift */ = {isa = PBXFileReference; lastKnownFileType = sourcecode.swift; path = DependencyInjectable.swift; sourceTree = "<group>"; };
		F99141982B29DCE500770379 /* Section.swift */ = {isa = PBXFileReference; lastKnownFileType = sourcecode.swift; path = Section.swift; sourceTree = "<group>"; };
		F991419C2B2A94A400770379 /* RealmVocaModel.swift */ = {isa = PBXFileReference; lastKnownFileType = sourcecode.swift; path = RealmVocaModel.swift; sourceTree = "<group>"; };
		F991419E2B2A951900770379 /* VocaListManager.swift */ = {isa = PBXFileReference; lastKnownFileType = sourcecode.swift; path = VocaListManager.swift; sourceTree = "<group>"; };
		F99141A02B2ABF7300770379 /* VocaListVM.swift */ = {isa = PBXFileReference; lastKnownFileType = sourcecode.swift; path = VocaListVM.swift; sourceTree = "<group>"; };
		F99141A22B2C3B0000770379 /* VocaTableViewHeaderView.swift */ = {isa = PBXFileReference; lastKnownFileType = sourcecode.swift; path = VocaTableViewHeaderView.swift; sourceTree = "<group>"; };
		F9C1D6612B38437500B66B8C /* CategoryDataManager.swift */ = {isa = PBXFileReference; lastKnownFileType = sourcecode.swift; path = CategoryDataManager.swift; sourceTree = "<group>"; };
		F9C6C8642B28092900428D55 /* DictionaryVC.swift */ = {isa = PBXFileReference; lastKnownFileType = sourcecode.swift; path = DictionaryVC.swift; sourceTree = "<group>"; };
		F9C6C8662B28093400428D55 /* Dictionaryview.swift */ = {isa = PBXFileReference; lastKnownFileType = sourcecode.swift; path = Dictionaryview.swift; sourceTree = "<group>"; };
		F9C6C8682B28094300428D55 /* DictionaryVM.swift */ = {isa = PBXFileReference; lastKnownFileType = sourcecode.swift; path = DictionaryVM.swift; sourceTree = "<group>"; };
		F9E5D6292B270236000A4377 /* VocaWeaveVM.swift */ = {isa = PBXFileReference; lastKnownFileType = sourcecode.swift; path = VocaWeaveVM.swift; sourceTree = "<group>"; };
		F9E68CB42B4AD875002F34F8 /* starfill.json */ = {isa = PBXFileReference; fileEncoding = 4; lastKnownFileType = text.json; path = starfill.json; sourceTree = "<group>"; };
		F9E68CB52B4AD875002F34F8 /* disappear.json */ = {isa = PBXFileReference; fileEncoding = 4; lastKnownFileType = text.json; path = disappear.json; sourceTree = "<group>"; };
		F9F04A312B56622D00A0F923 /* OnboardingVC.swift */ = {isa = PBXFileReference; lastKnownFileType = sourcecode.swift; path = OnboardingVC.swift; sourceTree = "<group>"; };
		F9F04A332B56623900A0F923 /* OnboardingVM.swift */ = {isa = PBXFileReference; lastKnownFileType = sourcecode.swift; path = OnboardingVM.swift; sourceTree = "<group>"; };
/* End PBXFileReference section */

/* Begin PBXFrameworksBuildPhase section */
		F9739EDA2B23084600FA1F8E /* Frameworks */ = {
			isa = PBXFrameworksBuildPhase;
			buildActionMask = 2147483647;
			files = (
				F93319FC2B3184F1007D69F6 /* SnapKit in Frameworks */,
				F93319F92B3184E0007D69F6 /* RealmSwift in Frameworks */,
				F93319F72B3184E0007D69F6 /* Realm in Frameworks */,
				F9E68CAF2B4AD803002F34F8 /* Lottie in Frameworks */,
			);
			runOnlyForDeploymentPostprocessing = 0;
		};
/* End PBXFrameworksBuildPhase section */

/* Begin PBXGroup section */
		F93319E82B312E32007D69F6 /* Enum */ = {
			isa = PBXGroup;
			children = (
				F93319E02B2F27A8007D69F6 /* DictionaryEnum.swift */,
				F991418D2B2845E500770379 /* Language.swift */,
				F99141982B29DCE500770379 /* Section.swift */,
			);
			path = Enum;
			sourceTree = "<group>";
		};
		F93319FF2B328931007D69F6 /* VocaData */ = {
			isa = PBXGroup;
			children = (
				F9331A002B328948007D69F6 /* Transportation.swift */,
				F9331A022B3289BE007D69F6 /* Accommodation.swift */,
				F9331A042B3289EA007D69F6 /* TravelActivitiesVoca.swift */,
				F9331A062B328A00007D69F6 /* TravelEssentials.swift */,
				F9331A082B328A25007D69F6 /* DiningVoca.swift */,
				F9331A0A2B328A52007D69F6 /* LeisuretravelVoca.swift */,
				F9331A0C2B328A5F007D69F6 /* CommunicationtravelVoca.swift */,
				F9331A0E2B328A69007D69F6 /* FacilitiestravelVoca.swift */,
				F9331A102B328A7F007D69F6 /* CulturetravelVoca.swift */,
			);
			path = VocaData;
			sourceTree = "<group>";
		};
		F9739ED42B23084600FA1F8E = {
			isa = PBXGroup;
			children = (
				F9739F0B2B23111E00FA1F8E /* .swiftlint.yml */,
				F9E68CB52B4AD875002F34F8 /* disappear.json */,
				F9E68CB42B4AD875002F34F8 /* starfill.json */,
				F9739EDF2B23084600FA1F8E /* VocaWeaveApp */,
				F9739EDE2B23084600FA1F8E /* Products */,
			);
			sourceTree = "<group>";
		};
		F9739EDE2B23084600FA1F8E /* Products */ = {
			isa = PBXGroup;
			children = (
				F9739EDD2B23084600FA1F8E /* VocaWeaveApp.app */,
			);
			name = Products;
			sourceTree = "<group>";
		};
		F9739EDF2B23084600FA1F8E /* VocaWeaveApp */ = {
			isa = PBXGroup;
			children = (
				F9739EFA2B230E8A00FA1F8E /* Resource */,
				F9739EF92B230E8800FA1F8E /* App */,
				F9739EF82B230E8500FA1F8E /* Helper */,
				F9C6C86B2B28099A00428D55 /* Model */,
				F93319FF2B328931007D69F6 /* VocaData */,
				F99141932B29535500770379 /* Manager */,
				F9C6C86A2B28098F00428D55 /* Networking */,
				F9739EF52B230E7E00FA1F8E /* Presenter */,
			);
			path = VocaWeaveApp;
			sourceTree = "<group>";
		};
		F9739EF52B230E7E00FA1F8E /* Presenter */ = {
			isa = PBXGroup;
			children = (
				F9739EFE2B230F4F00FA1F8E /* TabBarController.swift */,
				F9739EFD2B230EF500FA1F8E /* VocaViewPage */,
				F9739EFC2B230EF300FA1F8E /* CategoryWordspage */,
				F9739EFB2B230EF000FA1F8E /* VocaWeavePage */,
				F9C6C8632B2808F300428D55 /* DictionaryViewPage */,
			);
			path = Presenter;
			sourceTree = "<group>";
		};
		F9739EF82B230E8500FA1F8E /* Helper */ = {
			isa = PBXGroup;
			children = (
				F98B1BBD2B511C6400C71281 /* Extension */,
				F99141872B283CEF00770379 /* Error.swift */,
			);
			name = Helper;
			sourceTree = "<group>";
		};
		F9739EF92B230E8800FA1F8E /* App */ = {
			isa = PBXGroup;
			children = (
				F9739EE02B23084600FA1F8E /* AppDelegate.swift */,
				F9739EE22B23084600FA1F8E /* SceneDelegate.swift */,
			);
			path = App;
			sourceTree = "<group>";
		};
		F9739EFA2B230E8A00FA1F8E /* Resource */ = {
			isa = PBXGroup;
			children = (
				F991418F2B2847FD00770379 /* APIInfo.plist */,
				F9739EE92B23084900FA1F8E /* Assets.xcassets */,
				F9739EEB2B23084900FA1F8E /* LaunchScreen.storyboard */,
			);
			path = Resource;
			sourceTree = "<group>";
		};
		F9739EFB2B230EF000FA1F8E /* VocaWeavePage */ = {
			isa = PBXGroup;
			children = (
				F9739F252B25C24700FA1F8E /* VocaWeaveView.swift */,
				F9739F272B25C25600FA1F8E /* VocaWeaveVC.swift */,
				F9E5D6292B270236000A4377 /* VocaWeaveVM.swift */,
			);
			path = VocaWeavePage;
			sourceTree = "<group>";
		};
		F9739EFC2B230EF300FA1F8E /* CategoryWordspage */ = {
			isa = PBXGroup;
			children = (
				F9739F1B2B24B03300FA1F8E /* CategoryVC.swift */,
				F9739F1D2B24B07400FA1F8E /* CategoryVM.swift */,
				F9739F212B25AF7A00FA1F8E /* CagtegoryCell.swift */,
				F9331A122B32BE39007D69F6 /* CategoryDetailVC.swift */,
			);
			path = CategoryWordspage;
			sourceTree = "<group>";
		};
		F9739EFD2B230EF500FA1F8E /* VocaViewPage */ = {
			isa = PBXGroup;
			children = (
				F9F04A352B56624700A0F923 /* Onboarding */,
				F99141A42B2C3B0D00770379 /* View */,
				F9739F0D2B23157800FA1F8E /* VocaVC.swift */,
				F99141A02B2ABF7300770379 /* VocaListVM.swift */,
				F9739F112B23159400FA1F8E /* VocaTranslatedVM.swift */,
			);
			path = VocaViewPage;
			sourceTree = "<group>";
		};
		F98B1BBD2B511C6400C71281 /* Extension */ = {
			isa = PBXGroup;
			children = (
				F9739F152B233A1800FA1F8E /* UIColor.swift */,
				F98B1BBE2B511C7800C71281 /* UINavigationController.swift */,
				F98B1BC02B511C9800C71281 /* UIViewController.swift */,
				F98B1BC22B511CAC00C71281 /* String.swift */,
			);
			name = Extension;
			sourceTree = "<group>";
		};
		F99141932B29535500770379 /* Manager */ = {
			isa = PBXGroup;
			children = (
				F99141962B2953D700770379 /* DependencyInjectable.swift */,
				F99141942B29539F00770379 /* VocaTranslatedManager.swift */,
				F991419E2B2A951900770379 /* VocaListManager.swift */,
				F9C1D6612B38437500B66B8C /* CategoryDataManager.swift */,
			);
			path = Manager;
			sourceTree = "<group>";
		};
		F99141A42B2C3B0D00770379 /* View */ = {
			isa = PBXGroup;
			children = (
				F9739F0F2B23158900FA1F8E /* VocaView.swift */,
				F9739F132B2315A600FA1F8E /* VocaTableViewCell.swift */,
				F99141A22B2C3B0000770379 /* VocaTableViewHeaderView.swift */,
			);
			path = View;
			sourceTree = "<group>";
		};
		F9C6C8632B2808F300428D55 /* DictionaryViewPage */ = {
			isa = PBXGroup;
			children = (
				F9C6C8642B28092900428D55 /* DictionaryVC.swift */,
				F9C6C8662B28093400428D55 /* Dictionaryview.swift */,
				F9C6C8682B28094300428D55 /* DictionaryVM.swift */,
			);
			path = DictionaryViewPage;
			sourceTree = "<group>";
		};
		F9C6C86A2B28098F00428D55 /* Networking */ = {
			isa = PBXGroup;
			children = (
				F99141852B280C4100770379 /* NetworkingManager.swift */,
			);
			path = Networking;
			sourceTree = "<group>";
		};
		F9C6C86B2B28099A00428D55 /* Model */ = {
			isa = PBXGroup;
			children = (
				F93319E82B312E32007D69F6 /* Enum */,
				F991418B2B28440800770379 /* TranslateResponseModel.swift */,
				F99141912B29505900770379 /* RealmTranslateModel.swift */,
				F991419C2B2A94A400770379 /* RealmVocaModel.swift */,
			);
			path = Model;
			sourceTree = "<group>";
		};
		F9F04A352B56624700A0F923 /* Onboarding */ = {
			isa = PBXGroup;
			children = (
				F9F04A332B56623900A0F923 /* OnboardingVM.swift */,
				F9F04A312B56622D00A0F923 /* OnboardingVC.swift */,
			);
			path = Onboarding;
			sourceTree = "<group>";
		};
/* End PBXGroup section */

/* Begin PBXNativeTarget section */
		F9739EDC2B23084600FA1F8E /* VocaWeaveApp */ = {
			isa = PBXNativeTarget;
			buildConfigurationList = F9739EF12B23084900FA1F8E /* Build configuration list for PBXNativeTarget "VocaWeaveApp" */;
			buildPhases = (
				F9739ED92B23084600FA1F8E /* Sources */,
				F9739EDA2B23084600FA1F8E /* Frameworks */,
				F9739EDB2B23084600FA1F8E /* Resources */,
				F9739F0A2B23109600FA1F8E /* SwiftLint Script */,
				F99141A62B2E8E3F00770379 /* Embed Frameworks */,
			);
			buildRules = (
			);
			dependencies = (
			);
			name = VocaWeaveApp;
			packageProductDependencies = (
				F93319F62B3184E0007D69F6 /* Realm */,
				F93319F82B3184E0007D69F6 /* RealmSwift */,
				F93319FB2B3184F1007D69F6 /* SnapKit */,
				F9E68CAE2B4AD803002F34F8 /* Lottie */,
			);
			productName = VocaWeaveApp;
			productReference = F9739EDD2B23084600FA1F8E /* VocaWeaveApp.app */;
			productType = "com.apple.product-type.application";
		};
/* End PBXNativeTarget section */

/* Begin PBXProject section */
		F9739ED52B23084600FA1F8E /* Project object */ = {
			isa = PBXProject;
			attributes = {
				BuildIndependentTargetsInParallel = 1;
				LastSwiftUpdateCheck = 1500;
				LastUpgradeCheck = 1500;
				TargetAttributes = {
					F9739EDC2B23084600FA1F8E = {
						CreatedOnToolsVersion = 15.0.1;
					};
				};
			};
			buildConfigurationList = F9739ED82B23084600FA1F8E /* Build configuration list for PBXProject "VocaWeaveApp" */;
			compatibilityVersion = "Xcode 14.0";
			developmentRegion = en;
			hasScannedForEncodings = 0;
			knownRegions = (
				en,
				Base,
			);
			mainGroup = F9739ED42B23084600FA1F8E;
			packageReferences = (
				F93319F52B3184E0007D69F6 /* XCRemoteSwiftPackageReference "realm-cocoa" */,
				F93319FA2B3184F1007D69F6 /* XCRemoteSwiftPackageReference "SnapKit" */,
				F9E68CAD2B4AD803002F34F8 /* XCRemoteSwiftPackageReference "lottie-ios" */,
			);
			productRefGroup = F9739EDE2B23084600FA1F8E /* Products */;
			projectDirPath = "";
			projectRoot = "";
			targets = (
				F9739EDC2B23084600FA1F8E /* VocaWeaveApp */,
			);
		};
/* End PBXProject section */

/* Begin PBXResourcesBuildPhase section */
		F9739EDB2B23084600FA1F8E /* Resources */ = {
			isa = PBXResourcesBuildPhase;
			buildActionMask = 2147483647;
			files = (
				F9E68CB62B4AD875002F34F8 /* starfill.json in Resources */,
				F9739F0C2B23111E00FA1F8E /* .swiftlint.yml in Resources */,
				F99141902B2847FD00770379 /* APIInfo.plist in Resources */,
				F9739EED2B23084900FA1F8E /* LaunchScreen.storyboard in Resources */,
				F9739EEA2B23084900FA1F8E /* Assets.xcassets in Resources */,
				F9E68CB72B4AD875002F34F8 /* disappear.json in Resources */,
			);
			runOnlyForDeploymentPostprocessing = 0;
		};
/* End PBXResourcesBuildPhase section */

/* Begin PBXShellScriptBuildPhase section */
		F9739F0A2B23109600FA1F8E /* SwiftLint Script */ = {
			isa = PBXShellScriptBuildPhase;
			alwaysOutOfDate = 1;
			buildActionMask = 2147483647;
			files = (
			);
			inputFileListPaths = (
			);
			inputPaths = (
			);
			name = "SwiftLint Script";
			outputFileListPaths = (
			);
			outputPaths = (
			);
			runOnlyForDeploymentPostprocessing = 0;
			shellPath = /bin/sh;
			shellScript = "# Type a script or drag a script file from your workspace to insert its path.\nexport PATH=\"$PATH:/opt/homebrew/bin\"\nif which swiftlint > /dev/null; then\n  swiftlint\nelse\n  echo \"warning: SwiftLint not installed, download from https://github.com/realm/SwiftLint\"\nfi\n";
		};
/* End PBXShellScriptBuildPhase section */

/* Begin PBXSourcesBuildPhase section */
		F9739ED92B23084600FA1F8E /* Sources */ = {
			isa = PBXSourcesBuildPhase;
			buildActionMask = 2147483647;
			files = (
				F991418C2B28440800770379 /* TranslateResponseModel.swift in Sources */,
				F9331A092B328A25007D69F6 /* DiningVoca.swift in Sources */,
				F9C6C8692B28094300428D55 /* DictionaryVM.swift in Sources */,
				F9739F142B2315A600FA1F8E /* VocaTableViewCell.swift in Sources */,
				F99141A12B2ABF7300770379 /* VocaListVM.swift in Sources */,
				F9739F102B23158900FA1F8E /* VocaView.swift in Sources */,
				F9C6C8672B28093400428D55 /* Dictionaryview.swift in Sources */,
				F9331A0F2B328A69007D69F6 /* FacilitiestravelVoca.swift in Sources */,
				F99141952B29539F00770379 /* VocaTranslatedManager.swift in Sources */,
				F9F04A342B56623900A0F923 /* OnboardingVM.swift in Sources */,
				F9331A132B32BE39007D69F6 /* CategoryDetailVC.swift in Sources */,
				F9739F262B25C24700FA1F8E /* VocaWeaveView.swift in Sources */,
				F99141922B29505900770379 /* RealmTranslateModel.swift in Sources */,
				F9739F1E2B24B07400FA1F8E /* CategoryVM.swift in Sources */,
				F9739F222B25AF7A00FA1F8E /* CagtegoryCell.swift in Sources */,
				F9331A112B328A7F007D69F6 /* CulturetravelVoca.swift in Sources */,
				F991419F2B2A951900770379 /* VocaListManager.swift in Sources */,
				F9739F282B25C25600FA1F8E /* VocaWeaveVC.swift in Sources */,
				F9739F122B23159400FA1F8E /* VocaTranslatedVM.swift in Sources */,
				F9739EFF2B230F4F00FA1F8E /* TabBarController.swift in Sources */,
				F9739EE12B23084600FA1F8E /* AppDelegate.swift in Sources */,
				F9739EE32B23084600FA1F8E /* SceneDelegate.swift in Sources */,
				F9331A0D2B328A5F007D69F6 /* CommunicationtravelVoca.swift in Sources */,
				F9739F0E2B23157800FA1F8E /* VocaVC.swift in Sources */,
				F9739F1C2B24B03300FA1F8E /* CategoryVC.swift in Sources */,
				F98B1BC12B511C9800C71281 /* UIViewController.swift in Sources */,
				F9E5D62A2B270236000A4377 /* VocaWeaveVM.swift in Sources */,
				F99141992B29DCE500770379 /* Section.swift in Sources */,
				F99141862B280C4100770379 /* NetworkingManager.swift in Sources */,
				F98B1BBF2B511C7800C71281 /* UINavigationController.swift in Sources */,
				F9331A052B3289EA007D69F6 /* TravelActivitiesVoca.swift in Sources */,
				F9331A012B328948007D69F6 /* Transportation.swift in Sources */,
				F9331A0B2B328A52007D69F6 /* LeisuretravelVoca.swift in Sources */,
				F9C6C8652B28092900428D55 /* DictionaryVC.swift in Sources */,
				F9739F162B233A1800FA1F8E /* UIColor.swift in Sources */,
				F98B1BC32B511CAC00C71281 /* String.swift in Sources */,
				F93319E12B2F27A8007D69F6 /* DictionaryEnum.swift in Sources */,
				F99141972B2953D700770379 /* DependencyInjectable.swift in Sources */,
				F9F04A322B56622D00A0F923 /* OnboardingVC.swift in Sources */,
				F991419D2B2A94A400770379 /* RealmVocaModel.swift in Sources */,
				F99141A32B2C3B0000770379 /* VocaTableViewHeaderView.swift in Sources */,
				F9331A072B328A00007D69F6 /* TravelEssentials.swift in Sources */,
				F99141882B283CEF00770379 /* Error.swift in Sources */,
				F991418E2B2845E500770379 /* Language.swift in Sources */,
				F9C1D6622B38437500B66B8C /* CategoryDataManager.swift in Sources */,
				F9331A032B3289BE007D69F6 /* Accommodation.swift in Sources */,
			);
			runOnlyForDeploymentPostprocessing = 0;
		};
/* End PBXSourcesBuildPhase section */

/* Begin PBXVariantGroup section */
		F9739EEB2B23084900FA1F8E /* LaunchScreen.storyboard */ = {
			isa = PBXVariantGroup;
			children = (
				F9739EEC2B23084900FA1F8E /* Base */,
			);
			name = LaunchScreen.storyboard;
			sourceTree = "<group>";
		};
/* End PBXVariantGroup section */

/* Begin XCBuildConfiguration section */
		F9739EEF2B23084900FA1F8E /* Debug */ = {
			isa = XCBuildConfiguration;
			buildSettings = {
				ALWAYS_SEARCH_USER_PATHS = NO;
				ASSETCATALOG_COMPILER_GENERATE_SWIFT_ASSET_SYMBOL_EXTENSIONS = YES;
				CLANG_ANALYZER_NONNULL = YES;
				CLANG_ANALYZER_NUMBER_OBJECT_CONVERSION = YES_AGGRESSIVE;
				CLANG_CXX_LANGUAGE_STANDARD = "gnu++20";
				CLANG_ENABLE_MODULES = YES;
				CLANG_ENABLE_OBJC_ARC = YES;
				CLANG_ENABLE_OBJC_WEAK = YES;
				CLANG_WARN_BLOCK_CAPTURE_AUTORELEASING = YES;
				CLANG_WARN_BOOL_CONVERSION = YES;
				CLANG_WARN_COMMA = YES;
				CLANG_WARN_CONSTANT_CONVERSION = YES;
				CLANG_WARN_DEPRECATED_OBJC_IMPLEMENTATIONS = YES;
				CLANG_WARN_DIRECT_OBJC_ISA_USAGE = YES_ERROR;
				CLANG_WARN_DOCUMENTATION_COMMENTS = YES;
				CLANG_WARN_EMPTY_BODY = YES;
				CLANG_WARN_ENUM_CONVERSION = YES;
				CLANG_WARN_INFINITE_RECURSION = YES;
				CLANG_WARN_INT_CONVERSION = YES;
				CLANG_WARN_NON_LITERAL_NULL_CONVERSION = YES;
				CLANG_WARN_OBJC_IMPLICIT_RETAIN_SELF = YES;
				CLANG_WARN_OBJC_LITERAL_CONVERSION = YES;
				CLANG_WARN_OBJC_ROOT_CLASS = YES_ERROR;
				CLANG_WARN_QUOTED_INCLUDE_IN_FRAMEWORK_HEADER = YES;
				CLANG_WARN_RANGE_LOOP_ANALYSIS = YES;
				CLANG_WARN_STRICT_PROTOTYPES = YES;
				CLANG_WARN_SUSPICIOUS_MOVE = YES;
				CLANG_WARN_UNGUARDED_AVAILABILITY = YES_AGGRESSIVE;
				CLANG_WARN_UNREACHABLE_CODE = YES;
				CLANG_WARN__DUPLICATE_METHOD_MATCH = YES;
				COPY_PHASE_STRIP = NO;
				DEBUG_INFORMATION_FORMAT = dwarf;
				ENABLE_STRICT_OBJC_MSGSEND = YES;
				ENABLE_TESTABILITY = YES;
				ENABLE_USER_SCRIPT_SANDBOXING = YES;
				GCC_C_LANGUAGE_STANDARD = gnu17;
				GCC_DYNAMIC_NO_PIC = NO;
				GCC_NO_COMMON_BLOCKS = YES;
				GCC_OPTIMIZATION_LEVEL = 0;
				GCC_PREPROCESSOR_DEFINITIONS = (
					"DEBUG=1",
					"$(inherited)",
				);
				GCC_WARN_64_TO_32_BIT_CONVERSION = YES;
				GCC_WARN_ABOUT_RETURN_TYPE = YES_ERROR;
				GCC_WARN_UNDECLARED_SELECTOR = YES;
				GCC_WARN_UNINITIALIZED_AUTOS = YES_AGGRESSIVE;
				GCC_WARN_UNUSED_FUNCTION = YES;
				GCC_WARN_UNUSED_VARIABLE = YES;
				IPHONEOS_DEPLOYMENT_TARGET = 15.0;
				LOCALIZATION_PREFERS_STRING_CATALOGS = YES;
				MTL_ENABLE_DEBUG_INFO = INCLUDE_SOURCE;
				MTL_FAST_MATH = YES;
				ONLY_ACTIVE_ARCH = YES;
				SDKROOT = iphoneos;
				SWIFT_ACTIVE_COMPILATION_CONDITIONS = "DEBUG $(inherited)";
				SWIFT_OPTIMIZATION_LEVEL = "-Onone";
			};
			name = Debug;
		};
		F9739EF02B23084900FA1F8E /* Release */ = {
			isa = XCBuildConfiguration;
			buildSettings = {
				ALWAYS_SEARCH_USER_PATHS = NO;
				ASSETCATALOG_COMPILER_GENERATE_SWIFT_ASSET_SYMBOL_EXTENSIONS = YES;
				CLANG_ANALYZER_NONNULL = YES;
				CLANG_ANALYZER_NUMBER_OBJECT_CONVERSION = YES_AGGRESSIVE;
				CLANG_CXX_LANGUAGE_STANDARD = "gnu++20";
				CLANG_ENABLE_MODULES = YES;
				CLANG_ENABLE_OBJC_ARC = YES;
				CLANG_ENABLE_OBJC_WEAK = YES;
				CLANG_WARN_BLOCK_CAPTURE_AUTORELEASING = YES;
				CLANG_WARN_BOOL_CONVERSION = YES;
				CLANG_WARN_COMMA = YES;
				CLANG_WARN_CONSTANT_CONVERSION = YES;
				CLANG_WARN_DEPRECATED_OBJC_IMPLEMENTATIONS = YES;
				CLANG_WARN_DIRECT_OBJC_ISA_USAGE = YES_ERROR;
				CLANG_WARN_DOCUMENTATION_COMMENTS = YES;
				CLANG_WARN_EMPTY_BODY = YES;
				CLANG_WARN_ENUM_CONVERSION = YES;
				CLANG_WARN_INFINITE_RECURSION = YES;
				CLANG_WARN_INT_CONVERSION = YES;
				CLANG_WARN_NON_LITERAL_NULL_CONVERSION = YES;
				CLANG_WARN_OBJC_IMPLICIT_RETAIN_SELF = YES;
				CLANG_WARN_OBJC_LITERAL_CONVERSION = YES;
				CLANG_WARN_OBJC_ROOT_CLASS = YES_ERROR;
				CLANG_WARN_QUOTED_INCLUDE_IN_FRAMEWORK_HEADER = YES;
				CLANG_WARN_RANGE_LOOP_ANALYSIS = YES;
				CLANG_WARN_STRICT_PROTOTYPES = YES;
				CLANG_WARN_SUSPICIOUS_MOVE = YES;
				CLANG_WARN_UNGUARDED_AVAILABILITY = YES_AGGRESSIVE;
				CLANG_WARN_UNREACHABLE_CODE = YES;
				CLANG_WARN__DUPLICATE_METHOD_MATCH = YES;
				COPY_PHASE_STRIP = NO;
				DEBUG_INFORMATION_FORMAT = "dwarf-with-dsym";
				ENABLE_NS_ASSERTIONS = NO;
				ENABLE_STRICT_OBJC_MSGSEND = YES;
				ENABLE_USER_SCRIPT_SANDBOXING = YES;
				GCC_C_LANGUAGE_STANDARD = gnu17;
				GCC_NO_COMMON_BLOCKS = YES;
				GCC_WARN_64_TO_32_BIT_CONVERSION = YES;
				GCC_WARN_ABOUT_RETURN_TYPE = YES_ERROR;
				GCC_WARN_UNDECLARED_SELECTOR = YES;
				GCC_WARN_UNINITIALIZED_AUTOS = YES_AGGRESSIVE;
				GCC_WARN_UNUSED_FUNCTION = YES;
				GCC_WARN_UNUSED_VARIABLE = YES;
				IPHONEOS_DEPLOYMENT_TARGET = 15.0;
				LOCALIZATION_PREFERS_STRING_CATALOGS = YES;
				MTL_ENABLE_DEBUG_INFO = NO;
				MTL_FAST_MATH = YES;
				SDKROOT = iphoneos;
				SWIFT_COMPILATION_MODE = wholemodule;
				VALIDATE_PRODUCT = YES;
			};
			name = Release;
		};
		F9739EF22B23084900FA1F8E /* Debug */ = {
			isa = XCBuildConfiguration;
			buildSettings = {
				ASSETCATALOG_COMPILER_APPICON_NAME = AppIcon;
				ASSETCATALOG_COMPILER_GLOBAL_ACCENT_COLOR_NAME = AccentColor;
				CODE_SIGN_IDENTITY = "Apple Development";
				CODE_SIGN_STYLE = Automatic;
				CURRENT_PROJECT_VERSION = 1;
				DEVELOPMENT_TEAM = 52TADTDD5Y;
				ENABLE_USER_SCRIPT_SANDBOXING = NO;
				GENERATE_INFOPLIST_FILE = YES;
				INFOPLIST_FILE = VocaWeaveApp/Info.plist;
				INFOPLIST_KEY_UIApplicationSupportsIndirectInputEvents = YES;
				INFOPLIST_KEY_UILaunchStoryboardName = LaunchScreen;
				INFOPLIST_KEY_UISupportedInterfaceOrientations_iPad = "UIInterfaceOrientationPortrait UIInterfaceOrientationPortraitUpsideDown UIInterfaceOrientationLandscapeLeft UIInterfaceOrientationLandscapeRight";
				INFOPLIST_KEY_UISupportedInterfaceOrientations_iPhone = "UIInterfaceOrientationPortrait UIInterfaceOrientationLandscapeLeft UIInterfaceOrientationLandscapeRight";
				IPHONEOS_DEPLOYMENT_TARGET = 15.0;
				LD_RUNPATH_SEARCH_PATHS = (
					"$(inherited)",
					"@executable_path/Frameworks",
				);
				MARKETING_VERSION = 1.0;
				PRODUCT_BUNDLE_IDENTIFIER = kwangjo93.VocaWeaveApp;
				PRODUCT_NAME = "$(TARGET_NAME)";
				PROVISIONING_PROFILE_SPECIFIER = "";
				SUPPORTED_PLATFORMS = "iphoneos iphonesimulator";
				SUPPORTS_MACCATALYST = NO;
				SUPPORTS_MAC_DESIGNED_FOR_IPHONE_IPAD = NO;
				SWIFT_EMIT_LOC_STRINGS = YES;
				SWIFT_VERSION = 5.0;
				TARGETED_DEVICE_FAMILY = "1,2";
			};
			name = Debug;
		};
		F9739EF32B23084900FA1F8E /* Release */ = {
			isa = XCBuildConfiguration;
			buildSettings = {
				ASSETCATALOG_COMPILER_APPICON_NAME = AppIcon;
				ASSETCATALOG_COMPILER_GLOBAL_ACCENT_COLOR_NAME = AccentColor;
				CODE_SIGN_IDENTITY = "Apple Development";
				CODE_SIGN_STYLE = Automatic;
				CURRENT_PROJECT_VERSION = 1;
				DEVELOPMENT_TEAM = 52TADTDD5Y;
				ENABLE_USER_SCRIPT_SANDBOXING = NO;
				GENERATE_INFOPLIST_FILE = YES;
				INFOPLIST_FILE = VocaWeaveApp/Info.plist;
				INFOPLIST_KEY_UIApplicationSupportsIndirectInputEvents = YES;
				INFOPLIST_KEY_UILaunchStoryboardName = LaunchScreen;
				INFOPLIST_KEY_UISupportedInterfaceOrientations_iPad = "UIInterfaceOrientationPortrait UIInterfaceOrientationPortraitUpsideDown UIInterfaceOrientationLandscapeLeft UIInterfaceOrientationLandscapeRight";
				INFOPLIST_KEY_UISupportedInterfaceOrientations_iPhone = "UIInterfaceOrientationPortrait UIInterfaceOrientationLandscapeLeft UIInterfaceOrientationLandscapeRight";
				IPHONEOS_DEPLOYMENT_TARGET = 15.0;
				LD_RUNPATH_SEARCH_PATHS = (
					"$(inherited)",
					"@executable_path/Frameworks",
				);
				MARKETING_VERSION = 1.0;
				PRODUCT_BUNDLE_IDENTIFIER = kwangjo93.VocaWeaveApp;
				PRODUCT_NAME = "$(TARGET_NAME)";
				PROVISIONING_PROFILE_SPECIFIER = "";
				SUPPORTED_PLATFORMS = "iphoneos iphonesimulator";
				SUPPORTS_MACCATALYST = NO;
				SUPPORTS_MAC_DESIGNED_FOR_IPHONE_IPAD = NO;
				SWIFT_EMIT_LOC_STRINGS = YES;
				SWIFT_VERSION = 5.0;
				TARGETED_DEVICE_FAMILY = "1,2";
			};
			name = Release;
		};
/* End XCBuildConfiguration section */

/* Begin XCConfigurationList section */
		F9739ED82B23084600FA1F8E /* Build configuration list for PBXProject "VocaWeaveApp" */ = {
			isa = XCConfigurationList;
			buildConfigurations = (
				F9739EEF2B23084900FA1F8E /* Debug */,
				F9739EF02B23084900FA1F8E /* Release */,
			);
			defaultConfigurationIsVisible = 0;
			defaultConfigurationName = Release;
		};
		F9739EF12B23084900FA1F8E /* Build configuration list for PBXNativeTarget "VocaWeaveApp" */ = {
			isa = XCConfigurationList;
			buildConfigurations = (
				F9739EF22B23084900FA1F8E /* Debug */,
				F9739EF32B23084900FA1F8E /* Release */,
			);
			defaultConfigurationIsVisible = 0;
			defaultConfigurationName = Release;
		};
/* End XCConfigurationList section */

/* Begin XCRemoteSwiftPackageReference section */
		F93319F52B3184E0007D69F6 /* XCRemoteSwiftPackageReference "realm-cocoa" */ = {
			isa = XCRemoteSwiftPackageReference;
			repositoryURL = "https://github.com/realm/realm-cocoa.git";
			requirement = {
				branch = master;
				kind = branch;
			};
		};
		F93319FA2B3184F1007D69F6 /* XCRemoteSwiftPackageReference "SnapKit" */ = {
			isa = XCRemoteSwiftPackageReference;
			repositoryURL = "https://github.com/SnapKit/SnapKit.git";
			requirement = {
				kind = upToNextMajorVersion;
				minimumVersion = 5.6.0;
			};
		};
		F9E68CAD2B4AD803002F34F8 /* XCRemoteSwiftPackageReference "lottie-ios" */ = {
			isa = XCRemoteSwiftPackageReference;
			repositoryURL = "https://github.com/airbnb/lottie-ios.git";
			requirement = {
				kind = upToNextMajorVersion;
				minimumVersion = 4.3.4;
			};
		};
/* End XCRemoteSwiftPackageReference section */

/* Begin XCSwiftPackageProductDependency section */
		F93319F62B3184E0007D69F6 /* Realm */ = {
			isa = XCSwiftPackageProductDependency;
			package = F93319F52B3184E0007D69F6 /* XCRemoteSwiftPackageReference "realm-cocoa" */;
			productName = Realm;
		};
		F93319F82B3184E0007D69F6 /* RealmSwift */ = {
			isa = XCSwiftPackageProductDependency;
			package = F93319F52B3184E0007D69F6 /* XCRemoteSwiftPackageReference "realm-cocoa" */;
			productName = RealmSwift;
		};
		F93319FB2B3184F1007D69F6 /* SnapKit */ = {
			isa = XCSwiftPackageProductDependency;
			package = F93319FA2B3184F1007D69F6 /* XCRemoteSwiftPackageReference "SnapKit" */;
			productName = SnapKit;
		};
		F9E68CAE2B4AD803002F34F8 /* Lottie */ = {
			isa = XCSwiftPackageProductDependency;
			package = F9E68CAD2B4AD803002F34F8 /* XCRemoteSwiftPackageReference "lottie-ios" */;
			productName = Lottie;
		};
/* End XCSwiftPackageProductDependency section */
	};
	rootObject = F9739ED52B23084600FA1F8E /* Project object */;
}
