// !$*UTF8*$!
{
	archiveVersion = 1;
	classes = {
	};
	objectVersion = 56;
	objects = {

/* Begin PBXBuildFile section */
		F9739EE12B23084600FA1F8E /* AppDelegate.swift in Sources */ = {isa = PBXBuildFile; fileRef = F9739EE02B23084600FA1F8E /* AppDelegate.swift */; };
		F9739EE32B23084600FA1F8E /* SceneDelegate.swift in Sources */ = {isa = PBXBuildFile; fileRef = F9739EE22B23084600FA1F8E /* SceneDelegate.swift */; };
		F9739EEA2B23084900FA1F8E /* Assets.xcassets in Resources */ = {isa = PBXBuildFile; fileRef = F9739EE92B23084900FA1F8E /* Assets.xcassets */; };
		F9739EED2B23084900FA1F8E /* LaunchScreen.storyboard in Resources */ = {isa = PBXBuildFile; fileRef = F9739EEB2B23084900FA1F8E /* LaunchScreen.storyboard */; };
		F9739EFF2B230F4F00FA1F8E /* TabBarController.swift in Sources */ = {isa = PBXBuildFile; fileRef = F9739EFE2B230F4F00FA1F8E /* TabBarController.swift */; };
		F9739F022B230F6700FA1F8E /* SnapKit in Frameworks */ = {isa = PBXBuildFile; productRef = F9739F012B230F6700FA1F8E /* SnapKit */; };
		F9739F042B230F6700FA1F8E /* SnapKit-Dynamic in Frameworks */ = {isa = PBXBuildFile; productRef = F9739F032B230F6700FA1F8E /* SnapKit-Dynamic */; };
		F9739F072B230F8100FA1F8E /* Realm in Frameworks */ = {isa = PBXBuildFile; productRef = F9739F062B230F8100FA1F8E /* Realm */; };
		F9739F092B230F8100FA1F8E /* RealmSwift in Frameworks */ = {isa = PBXBuildFile; productRef = F9739F082B230F8100FA1F8E /* RealmSwift */; };
		F9739F0C2B23111E00FA1F8E /* .swiftlint.yml in Resources */ = {isa = PBXBuildFile; fileRef = F9739F0B2B23111E00FA1F8E /* .swiftlint.yml */; };
		F9739F0E2B23157800FA1F8E /* VocaViewController.swift in Sources */ = {isa = PBXBuildFile; fileRef = F9739F0D2B23157800FA1F8E /* VocaViewController.swift */; };
		F9739F102B23158900FA1F8E /* VocaView.swift in Sources */ = {isa = PBXBuildFile; fileRef = F9739F0F2B23158900FA1F8E /* VocaView.swift */; };
		F9739F122B23159400FA1F8E /* VocaViewModel.swift in Sources */ = {isa = PBXBuildFile; fileRef = F9739F112B23159400FA1F8E /* VocaViewModel.swift */; };
		F9739F142B2315A600FA1F8E /* VocaTableViewCell.swift in Sources */ = {isa = PBXBuildFile; fileRef = F9739F132B2315A600FA1F8E /* VocaTableViewCell.swift */; };
		F9739F162B233A1800FA1F8E /* extension.swift in Sources */ = {isa = PBXBuildFile; fileRef = F9739F152B233A1800FA1F8E /* extension.swift */; };
		F9739F1C2B24B03300FA1F8E /* CategoryViewController.swift in Sources */ = {isa = PBXBuildFile; fileRef = F9739F1B2B24B03300FA1F8E /* CategoryViewController.swift */; };
		F9739F1E2B24B07400FA1F8E /* CategoryViewModel.swift in Sources */ = {isa = PBXBuildFile; fileRef = F9739F1D2B24B07400FA1F8E /* CategoryViewModel.swift */; };
		F9739F222B25AF7A00FA1F8E /* CagtegoryCollectionViewCell.swift in Sources */ = {isa = PBXBuildFile; fileRef = F9739F212B25AF7A00FA1F8E /* CagtegoryCollectionViewCell.swift */; };
/* End PBXBuildFile section */

/* Begin PBXFileReference section */
		F9739EDD2B23084600FA1F8E /* VocaWeaveApp.app */ = {isa = PBXFileReference; explicitFileType = wrapper.application; includeInIndex = 0; path = VocaWeaveApp.app; sourceTree = BUILT_PRODUCTS_DIR; };
		F9739EE02B23084600FA1F8E /* AppDelegate.swift */ = {isa = PBXFileReference; lastKnownFileType = sourcecode.swift; path = AppDelegate.swift; sourceTree = "<group>"; };
		F9739EE22B23084600FA1F8E /* SceneDelegate.swift */ = {isa = PBXFileReference; lastKnownFileType = sourcecode.swift; path = SceneDelegate.swift; sourceTree = "<group>"; };
		F9739EE92B23084900FA1F8E /* Assets.xcassets */ = {isa = PBXFileReference; lastKnownFileType = folder.assetcatalog; path = Assets.xcassets; sourceTree = "<group>"; };
		F9739EEC2B23084900FA1F8E /* Base */ = {isa = PBXFileReference; lastKnownFileType = file.storyboard; name = Base; path = Base.lproj/LaunchScreen.storyboard; sourceTree = "<group>"; };
		F9739EFE2B230F4F00FA1F8E /* TabBarController.swift */ = {isa = PBXFileReference; lastKnownFileType = sourcecode.swift; path = TabBarController.swift; sourceTree = "<group>"; };
		F9739F0B2B23111E00FA1F8E /* .swiftlint.yml */ = {isa = PBXFileReference; lastKnownFileType = text.yaml; path = .swiftlint.yml; sourceTree = "<group>"; };
		F9739F0D2B23157800FA1F8E /* VocaViewController.swift */ = {isa = PBXFileReference; lastKnownFileType = sourcecode.swift; path = VocaViewController.swift; sourceTree = "<group>"; };
		F9739F0F2B23158900FA1F8E /* VocaView.swift */ = {isa = PBXFileReference; lastKnownFileType = sourcecode.swift; path = VocaView.swift; sourceTree = "<group>"; };
		F9739F112B23159400FA1F8E /* VocaViewModel.swift */ = {isa = PBXFileReference; lastKnownFileType = sourcecode.swift; path = VocaViewModel.swift; sourceTree = "<group>"; };
		F9739F132B2315A600FA1F8E /* VocaTableViewCell.swift */ = {isa = PBXFileReference; lastKnownFileType = sourcecode.swift; path = VocaTableViewCell.swift; sourceTree = "<group>"; };
		F9739F152B233A1800FA1F8E /* extension.swift */ = {isa = PBXFileReference; lastKnownFileType = sourcecode.swift; path = extension.swift; sourceTree = "<group>"; };
		F9739F1B2B24B03300FA1F8E /* CategoryViewController.swift */ = {isa = PBXFileReference; lastKnownFileType = sourcecode.swift; path = CategoryViewController.swift; sourceTree = "<group>"; };
		F9739F1D2B24B07400FA1F8E /* CategoryViewModel.swift */ = {isa = PBXFileReference; lastKnownFileType = sourcecode.swift; path = CategoryViewModel.swift; sourceTree = "<group>"; };
		F9739F212B25AF7A00FA1F8E /* CagtegoryCollectionViewCell.swift */ = {isa = PBXFileReference; lastKnownFileType = sourcecode.swift; path = CagtegoryCollectionViewCell.swift; sourceTree = "<group>"; };
/* End PBXFileReference section */

/* Begin PBXFrameworksBuildPhase section */
		F9739EDA2B23084600FA1F8E /* Frameworks */ = {
			isa = PBXFrameworksBuildPhase;
			buildActionMask = 2147483647;
			files = (
				F9739F092B230F8100FA1F8E /* RealmSwift in Frameworks */,
				F9739F072B230F8100FA1F8E /* Realm in Frameworks */,
				F9739F022B230F6700FA1F8E /* SnapKit in Frameworks */,
				F9739F042B230F6700FA1F8E /* SnapKit-Dynamic in Frameworks */,
			);
			runOnlyForDeploymentPostprocessing = 0;
		};
/* End PBXFrameworksBuildPhase section */

/* Begin PBXGroup section */
		F9739ED42B23084600FA1F8E = {
			isa = PBXGroup;
			children = (
				F9739F0B2B23111E00FA1F8E /* .swiftlint.yml */,
				F9739EDF2B23084600FA1F8E /* VocaWeaveApp */,
				F9739EDE2B23084600FA1F8E /* Products */,
			);
			sourceTree = "<group>";
		};
		F9739EDE2B23084600FA1F8E /* Products */ = {
			isa = PBXGroup;
			children = (
				F9739EDD2B23084600FA1F8E /* VocaWeaveApp.app */,
			);
			name = Products;
			sourceTree = "<group>";
		};
		F9739EDF2B23084600FA1F8E /* VocaWeaveApp */ = {
			isa = PBXGroup;
			children = (
				F9739EFA2B230E8A00FA1F8E /* Resource */,
				F9739EF92B230E8800FA1F8E /* App */,
				F9739EF82B230E8500FA1F8E /* Helper */,
				F9739EF72B230E8300FA1F8E /* Model */,
				F9739EF62B230E8100FA1F8E /* Networking */,
				F9739EF52B230E7E00FA1F8E /* Presenter */,
			);
			path = VocaWeaveApp;
			sourceTree = "<group>";
		};
		F9739EF42B230E7A00FA1F8E /* DictionaryPage */ = {
			isa = PBXGroup;
			children = (
			);
			path = DictionaryPage;
			sourceTree = "<group>";
		};
		F9739EF52B230E7E00FA1F8E /* Presenter */ = {
			isa = PBXGroup;
			children = (
				F9739EFE2B230F4F00FA1F8E /* TabBarController.swift */,
				F9739EFD2B230EF500FA1F8E /* VocaViewPage */,
				F9739EFC2B230EF300FA1F8E /* CategoryWordspage */,
				F9739EFB2B230EF000FA1F8E /* VocaWeavePage */,
				F9739EF42B230E7A00FA1F8E /* DictionaryPage */,
			);
			path = Presenter;
			sourceTree = "<group>";
		};
		F9739EF62B230E8100FA1F8E /* Networking */ = {
			isa = PBXGroup;
			children = (
			);
			path = Networking;
			sourceTree = "<group>";
		};
		F9739EF72B230E8300FA1F8E /* Model */ = {
			isa = PBXGroup;
			children = (
			);
			path = Model;
			sourceTree = "<group>";
		};
		F9739EF82B230E8500FA1F8E /* Helper */ = {
			isa = PBXGroup;
			children = (
				F9739F152B233A1800FA1F8E /* extension.swift */,
			);
			name = Helper;
			sourceTree = "<group>";
		};
		F9739EF92B230E8800FA1F8E /* App */ = {
			isa = PBXGroup;
			children = (
				F9739EE02B23084600FA1F8E /* AppDelegate.swift */,
				F9739EE22B23084600FA1F8E /* SceneDelegate.swift */,
			);
			path = App;
			sourceTree = "<group>";
		};
		F9739EFA2B230E8A00FA1F8E /* Resource */ = {
			isa = PBXGroup;
			children = (
				F9739EE92B23084900FA1F8E /* Assets.xcassets */,
				F9739EEB2B23084900FA1F8E /* LaunchScreen.storyboard */,
			);
			path = Resource;
			sourceTree = "<group>";
		};
		F9739EFB2B230EF000FA1F8E /* VocaWeavePage */ = {
			isa = PBXGroup;
			children = (
			);
			path = VocaWeavePage;
			sourceTree = "<group>";
		};
		F9739EFC2B230EF300FA1F8E /* CategoryWordspage */ = {
			isa = PBXGroup;
			children = (
				F9739F1B2B24B03300FA1F8E /* CategoryViewController.swift */,
				F9739F1D2B24B07400FA1F8E /* CategoryViewModel.swift */,
				F9739F212B25AF7A00FA1F8E /* CagtegoryCollectionViewCell.swift */,
			);
			path = CategoryWordspage;
			sourceTree = "<group>";
		};
		F9739EFD2B230EF500FA1F8E /* VocaViewPage */ = {
			isa = PBXGroup;
			children = (
				F9739F0D2B23157800FA1F8E /* VocaViewController.swift */,
				F9739F0F2B23158900FA1F8E /* VocaView.swift */,
				F9739F112B23159400FA1F8E /* VocaViewModel.swift */,
				F9739F132B2315A600FA1F8E /* VocaTableViewCell.swift */,
			);
			path = VocaViewPage;
			sourceTree = "<group>";
		};
/* End PBXGroup section */

/* Begin PBXNativeTarget section */
		F9739EDC2B23084600FA1F8E /* VocaWeaveApp */ = {
			isa = PBXNativeTarget;
			buildConfigurationList = F9739EF12B23084900FA1F8E /* Build configuration list for PBXNativeTarget "VocaWeaveApp" */;
			buildPhases = (
				F9739ED92B23084600FA1F8E /* Sources */,
				F9739EDA2B23084600FA1F8E /* Frameworks */,
				F9739EDB2B23084600FA1F8E /* Resources */,
				F9739F0A2B23109600FA1F8E /* SwiftLint Script */,
			);
			buildRules = (
			);
			dependencies = (
			);
			name = VocaWeaveApp;
			packageProductDependencies = (
				F9739F012B230F6700FA1F8E /* SnapKit */,
				F9739F032B230F6700FA1F8E /* SnapKit-Dynamic */,
				F9739F062B230F8100FA1F8E /* Realm */,
				F9739F082B230F8100FA1F8E /* RealmSwift */,
			);
			productName = VocaWeaveApp;
			productReference = F9739EDD2B23084600FA1F8E /* VocaWeaveApp.app */;
			productType = "com.apple.product-type.application";
		};
/* End PBXNativeTarget section */

/* Begin PBXProject section */
		F9739ED52B23084600FA1F8E /* Project object */ = {
			isa = PBXProject;
			attributes = {
				BuildIndependentTargetsInParallel = 1;
				LastSwiftUpdateCheck = 1500;
				LastUpgradeCheck = 1500;
				TargetAttributes = {
					F9739EDC2B23084600FA1F8E = {
						CreatedOnToolsVersion = 15.0.1;
					};
				};
			};
			buildConfigurationList = F9739ED82B23084600FA1F8E /* Build configuration list for PBXProject "VocaWeaveApp" */;
			compatibilityVersion = "Xcode 14.0";
			developmentRegion = en;
			hasScannedForEncodings = 0;
			knownRegions = (
				en,
				Base,
			);
			mainGroup = F9739ED42B23084600FA1F8E;
			packageReferences = (
				F9739F002B230F6700FA1F8E /* XCRemoteSwiftPackageReference "SnapKit" */,
				F9739F052B230F8100FA1F8E /* XCRemoteSwiftPackageReference "realm-cocoa" */,
			);
			productRefGroup = F9739EDE2B23084600FA1F8E /* Products */;
			projectDirPath = "";
			projectRoot = "";
			targets = (
				F9739EDC2B23084600FA1F8E /* VocaWeaveApp */,
			);
		};
/* End PBXProject section */

/* Begin PBXResourcesBuildPhase section */
		F9739EDB2B23084600FA1F8E /* Resources */ = {
			isa = PBXResourcesBuildPhase;
			buildActionMask = 2147483647;
			files = (
				F9739F0C2B23111E00FA1F8E /* .swiftlint.yml in Resources */,
				F9739EED2B23084900FA1F8E /* LaunchScreen.storyboard in Resources */,
				F9739EEA2B23084900FA1F8E /* Assets.xcassets in Resources */,
			);
			runOnlyForDeploymentPostprocessing = 0;
		};
/* End PBXResourcesBuildPhase section */

/* Begin PBXShellScriptBuildPhase section */
		F9739F0A2B23109600FA1F8E /* SwiftLint Script */ = {
			isa = PBXShellScriptBuildPhase;
			buildActionMask = 2147483647;
			files = (
			);
			inputFileListPaths = (
			);
			inputPaths = (
			);
			name = "SwiftLint Script";
			outputFileListPaths = (
			);
			outputPaths = (
			);
			runOnlyForDeploymentPostprocessing = 0;
			shellPath = /bin/sh;
			shellScript = "# Type a script or drag a script file from your workspace to insert its path.\nexport PATH=\"$PATH:/opt/homebrew/bin\"\nif which swiftlint > /dev/null; then\n  swiftlint\nelse\n  echo \"warning: SwiftLint not installed, download from https://github.com/realm/SwiftLint\"\nfi\n";
		};
/* End PBXShellScriptBuildPhase section */

/* Begin PBXSourcesBuildPhase section */
		F9739ED92B23084600FA1F8E /* Sources */ = {
			isa = PBXSourcesBuildPhase;
			buildActionMask = 2147483647;
			files = (
				F9739F142B2315A600FA1F8E /* VocaTableViewCell.swift in Sources */,
				F9739F102B23158900FA1F8E /* VocaView.swift in Sources */,
				F9739F1E2B24B07400FA1F8E /* CategoryViewModel.swift in Sources */,
				F9739F222B25AF7A00FA1F8E /* CagtegoryCollectionViewCell.swift in Sources */,
				F9739F122B23159400FA1F8E /* VocaViewModel.swift in Sources */,
				F9739EFF2B230F4F00FA1F8E /* TabBarController.swift in Sources */,
				F9739EE12B23084600FA1F8E /* AppDelegate.swift in Sources */,
				F9739EE32B23084600FA1F8E /* SceneDelegate.swift in Sources */,
				F9739F0E2B23157800FA1F8E /* VocaViewController.swift in Sources */,
				F9739F1C2B24B03300FA1F8E /* CategoryViewController.swift in Sources */,
				F9739F162B233A1800FA1F8E /* extension.swift in Sources */,
			);
			runOnlyForDeploymentPostprocessing = 0;
		};
/* End PBXSourcesBuildPhase section */

/* Begin PBXVariantGroup section */
		F9739EEB2B23084900FA1F8E /* LaunchScreen.storyboard */ = {
			isa = PBXVariantGroup;
			children = (
				F9739EEC2B23084900FA1F8E /* Base */,
			);
			name = LaunchScreen.storyboard;
			sourceTree = "<group>";
		};
/* End PBXVariantGroup section */

/* Begin XCBuildConfiguration section */
		F9739EEF2B23084900FA1F8E /* Debug */ = {
			isa = XCBuildConfiguration;
			buildSettings = {
				ALWAYS_SEARCH_USER_PATHS = NO;
				ASSETCATALOG_COMPILER_GENERATE_SWIFT_ASSET_SYMBOL_EXTENSIONS = YES;
				CLANG_ANALYZER_NONNULL = YES;
				CLANG_ANALYZER_NUMBER_OBJECT_CONVERSION = YES_AGGRESSIVE;
				CLANG_CXX_LANGUAGE_STANDARD = "gnu++20";
				CLANG_ENABLE_MODULES = YES;
				CLANG_ENABLE_OBJC_ARC = YES;
				CLANG_ENABLE_OBJC_WEAK = YES;
				CLANG_WARN_BLOCK_CAPTURE_AUTORELEASING = YES;
				CLANG_WARN_BOOL_CONVERSION = YES;
				CLANG_WARN_COMMA = YES;
				CLANG_WARN_CONSTANT_CONVERSION = YES;
				CLANG_WARN_DEPRECATED_OBJC_IMPLEMENTATIONS = YES;
				CLANG_WARN_DIRECT_OBJC_ISA_USAGE = YES_ERROR;
				CLANG_WARN_DOCUMENTATION_COMMENTS = YES;
				CLANG_WARN_EMPTY_BODY = YES;
				CLANG_WARN_ENUM_CONVERSION = YES;
				CLANG_WARN_INFINITE_RECURSION = YES;
				CLANG_WARN_INT_CONVERSION = YES;
				CLANG_WARN_NON_LITERAL_NULL_CONVERSION = YES;
				CLANG_WARN_OBJC_IMPLICIT_RETAIN_SELF = YES;
				CLANG_WARN_OBJC_LITERAL_CONVERSION = YES;
				CLANG_WARN_OBJC_ROOT_CLASS = YES_ERROR;
				CLANG_WARN_QUOTED_INCLUDE_IN_FRAMEWORK_HEADER = YES;
				CLANG_WARN_RANGE_LOOP_ANALYSIS = YES;
				CLANG_WARN_STRICT_PROTOTYPES = YES;
				CLANG_WARN_SUSPICIOUS_MOVE = YES;
				CLANG_WARN_UNGUARDED_AVAILABILITY = YES_AGGRESSIVE;
				CLANG_WARN_UNREACHABLE_CODE = YES;
				CLANG_WARN__DUPLICATE_METHOD_MATCH = YES;
				COPY_PHASE_STRIP = NO;
				DEBUG_INFORMATION_FORMAT = dwarf;
				ENABLE_STRICT_OBJC_MSGSEND = YES;
				ENABLE_TESTABILITY = YES;
				ENABLE_USER_SCRIPT_SANDBOXING = YES;
				GCC_C_LANGUAGE_STANDARD = gnu17;
				GCC_DYNAMIC_NO_PIC = NO;
				GCC_NO_COMMON_BLOCKS = YES;
				GCC_OPTIMIZATION_LEVEL = 0;
				GCC_PREPROCESSOR_DEFINITIONS = (
					"DEBUG=1",
					"$(inherited)",
				);
				GCC_WARN_64_TO_32_BIT_CONVERSION = YES;
				GCC_WARN_ABOUT_RETURN_TYPE = YES_ERROR;
				GCC_WARN_UNDECLARED_SELECTOR = YES;
				GCC_WARN_UNINITIALIZED_AUTOS = YES_AGGRESSIVE;
				GCC_WARN_UNUSED_FUNCTION = YES;
				GCC_WARN_UNUSED_VARIABLE = YES;
				IPHONEOS_DEPLOYMENT_TARGET = 15.0;
				LOCALIZATION_PREFERS_STRING_CATALOGS = YES;
				MTL_ENABLE_DEBUG_INFO = INCLUDE_SOURCE;
				MTL_FAST_MATH = YES;
				ONLY_ACTIVE_ARCH = YES;
				SDKROOT = iphoneos;
				SWIFT_ACTIVE_COMPILATION_CONDITIONS = "DEBUG $(inherited)";
				SWIFT_OPTIMIZATION_LEVEL = "-Onone";
			};
			name = Debug;
		};
		F9739EF02B23084900FA1F8E /* Release */ = {
			isa = XCBuildConfiguration;
			buildSettings = {
				ALWAYS_SEARCH_USER_PATHS = NO;
				ASSETCATALOG_COMPILER_GENERATE_SWIFT_ASSET_SYMBOL_EXTENSIONS = YES;
				CLANG_ANALYZER_NONNULL = YES;
				CLANG_ANALYZER_NUMBER_OBJECT_CONVERSION = YES_AGGRESSIVE;
				CLANG_CXX_LANGUAGE_STANDARD = "gnu++20";
				CLANG_ENABLE_MODULES = YES;
				CLANG_ENABLE_OBJC_ARC = YES;
				CLANG_ENABLE_OBJC_WEAK = YES;
				CLANG_WARN_BLOCK_CAPTURE_AUTORELEASING = YES;
				CLANG_WARN_BOOL_CONVERSION = YES;
				CLANG_WARN_COMMA = YES;
				CLANG_WARN_CONSTANT_CONVERSION = YES;
				CLANG_WARN_DEPRECATED_OBJC_IMPLEMENTATIONS = YES;
				CLANG_WARN_DIRECT_OBJC_ISA_USAGE = YES_ERROR;
				CLANG_WARN_DOCUMENTATION_COMMENTS = YES;
				CLANG_WARN_EMPTY_BODY = YES;
				CLANG_WARN_ENUM_CONVERSION = YES;
				CLANG_WARN_INFINITE_RECURSION = YES;
				CLANG_WARN_INT_CONVERSION = YES;
				CLANG_WARN_NON_LITERAL_NULL_CONVERSION = YES;
				CLANG_WARN_OBJC_IMPLICIT_RETAIN_SELF = YES;
				CLANG_WARN_OBJC_LITERAL_CONVERSION = YES;
				CLANG_WARN_OBJC_ROOT_CLASS = YES_ERROR;
				CLANG_WARN_QUOTED_INCLUDE_IN_FRAMEWORK_HEADER = YES;
				CLANG_WARN_RANGE_LOOP_ANALYSIS = YES;
				CLANG_WARN_STRICT_PROTOTYPES = YES;
				CLANG_WARN_SUSPICIOUS_MOVE = YES;
				CLANG_WARN_UNGUARDED_AVAILABILITY = YES_AGGRESSIVE;
				CLANG_WARN_UNREACHABLE_CODE = YES;
				CLANG_WARN__DUPLICATE_METHOD_MATCH = YES;
				COPY_PHASE_STRIP = NO;
				DEBUG_INFORMATION_FORMAT = "dwarf-with-dsym";
				ENABLE_NS_ASSERTIONS = NO;
				ENABLE_STRICT_OBJC_MSGSEND = YES;
				ENABLE_USER_SCRIPT_SANDBOXING = YES;
				GCC_C_LANGUAGE_STANDARD = gnu17;
				GCC_NO_COMMON_BLOCKS = YES;
				GCC_WARN_64_TO_32_BIT_CONVERSION = YES;
				GCC_WARN_ABOUT_RETURN_TYPE = YES_ERROR;
				GCC_WARN_UNDECLARED_SELECTOR = YES;
				GCC_WARN_UNINITIALIZED_AUTOS = YES_AGGRESSIVE;
				GCC_WARN_UNUSED_FUNCTION = YES;
				GCC_WARN_UNUSED_VARIABLE = YES;
				IPHONEOS_DEPLOYMENT_TARGET = 15.0;
				LOCALIZATION_PREFERS_STRING_CATALOGS = YES;
				MTL_ENABLE_DEBUG_INFO = NO;
				MTL_FAST_MATH = YES;
				SDKROOT = iphoneos;
				SWIFT_COMPILATION_MODE = wholemodule;
				VALIDATE_PRODUCT = YES;
			};
			name = Release;
		};
		F9739EF22B23084900FA1F8E /* Debug */ = {
			isa = XCBuildConfiguration;
			buildSettings = {
				ASSETCATALOG_COMPILER_APPICON_NAME = AppIcon;
				ASSETCATALOG_COMPILER_GLOBAL_ACCENT_COLOR_NAME = AccentColor;
				CODE_SIGN_STYLE = Automatic;
				CURRENT_PROJECT_VERSION = 1;
				DEVELOPMENT_TEAM = 52TADTDD5Y;
				ENABLE_USER_SCRIPT_SANDBOXING = NO;
				GENERATE_INFOPLIST_FILE = YES;
				INFOPLIST_FILE = VocaWeaveApp/Info.plist;
				INFOPLIST_KEY_UIApplicationSupportsIndirectInputEvents = YES;
				INFOPLIST_KEY_UILaunchStoryboardName = LaunchScreen;
				INFOPLIST_KEY_UISupportedInterfaceOrientations_iPad = "UIInterfaceOrientationPortrait UIInterfaceOrientationPortraitUpsideDown UIInterfaceOrientationLandscapeLeft UIInterfaceOrientationLandscapeRight";
				INFOPLIST_KEY_UISupportedInterfaceOrientations_iPhone = "UIInterfaceOrientationPortrait UIInterfaceOrientationLandscapeLeft UIInterfaceOrientationLandscapeRight";
				IPHONEOS_DEPLOYMENT_TARGET = 15.0;
				LD_RUNPATH_SEARCH_PATHS = (
					"$(inherited)",
					"@executable_path/Frameworks",
				);
				MARKETING_VERSION = 1.0;
				PRODUCT_BUNDLE_IDENTIFIER = kwangjo93.VocaWeaveApp;
				PRODUCT_NAME = "$(TARGET_NAME)";
				SUPPORTED_PLATFORMS = "iphoneos iphonesimulator";
				SUPPORTS_MACCATALYST = NO;
				SUPPORTS_MAC_DESIGNED_FOR_IPHONE_IPAD = NO;
				SWIFT_EMIT_LOC_STRINGS = YES;
				SWIFT_VERSION = 5.0;
				TARGETED_DEVICE_FAMILY = 1;
			};
			name = Debug;
		};
		F9739EF32B23084900FA1F8E /* Release */ = {
			isa = XCBuildConfiguration;
			buildSettings = {
				ASSETCATALOG_COMPILER_APPICON_NAME = AppIcon;
				ASSETCATALOG_COMPILER_GLOBAL_ACCENT_COLOR_NAME = AccentColor;
				CODE_SIGN_STYLE = Automatic;
				CURRENT_PROJECT_VERSION = 1;
				DEVELOPMENT_TEAM = 52TADTDD5Y;
				ENABLE_USER_SCRIPT_SANDBOXING = NO;
				GENERATE_INFOPLIST_FILE = YES;
				INFOPLIST_FILE = VocaWeaveApp/Info.plist;
				INFOPLIST_KEY_UIApplicationSupportsIndirectInputEvents = YES;
				INFOPLIST_KEY_UILaunchStoryboardName = LaunchScreen;
				INFOPLIST_KEY_UISupportedInterfaceOrientations_iPad = "UIInterfaceOrientationPortrait UIInterfaceOrientationPortraitUpsideDown UIInterfaceOrientationLandscapeLeft UIInterfaceOrientationLandscapeRight";
				INFOPLIST_KEY_UISupportedInterfaceOrientations_iPhone = "UIInterfaceOrientationPortrait UIInterfaceOrientationLandscapeLeft UIInterfaceOrientationLandscapeRight";
				IPHONEOS_DEPLOYMENT_TARGET = 15.0;
				LD_RUNPATH_SEARCH_PATHS = (
					"$(inherited)",
					"@executable_path/Frameworks",
				);
				MARKETING_VERSION = 1.0;
				PRODUCT_BUNDLE_IDENTIFIER = kwangjo93.VocaWeaveApp;
				PRODUCT_NAME = "$(TARGET_NAME)";
				SUPPORTED_PLATFORMS = "iphoneos iphonesimulator";
				SUPPORTS_MACCATALYST = NO;
				SUPPORTS_MAC_DESIGNED_FOR_IPHONE_IPAD = NO;
				SWIFT_EMIT_LOC_STRINGS = YES;
				SWIFT_VERSION = 5.0;
				TARGETED_DEVICE_FAMILY = 1;
			};
			name = Release;
		};
/* End XCBuildConfiguration section */

/* Begin XCConfigurationList section */
		F9739ED82B23084600FA1F8E /* Build configuration list for PBXProject "VocaWeaveApp" */ = {
			isa = XCConfigurationList;
			buildConfigurations = (
				F9739EEF2B23084900FA1F8E /* Debug */,
				F9739EF02B23084900FA1F8E /* Release */,
			);
			defaultConfigurationIsVisible = 0;
			defaultConfigurationName = Release;
		};
		F9739EF12B23084900FA1F8E /* Build configuration list for PBXNativeTarget "VocaWeaveApp" */ = {
			isa = XCConfigurationList;
			buildConfigurations = (
				F9739EF22B23084900FA1F8E /* Debug */,
				F9739EF32B23084900FA1F8E /* Release */,
			);
			defaultConfigurationIsVisible = 0;
			defaultConfigurationName = Release;
		};
/* End XCConfigurationList section */

/* Begin XCRemoteSwiftPackageReference section */
		F9739F002B230F6700FA1F8E /* XCRemoteSwiftPackageReference "SnapKit" */ = {
			isa = XCRemoteSwiftPackageReference;
			repositoryURL = "https://github.com/SnapKit/SnapKit.git";
			requirement = {
				kind = upToNextMajorVersion;
				minimumVersion = 5.6.0;
			};
		};
		F9739F052B230F8100FA1F8E /* XCRemoteSwiftPackageReference "realm-cocoa" */ = {
			isa = XCRemoteSwiftPackageReference;
			repositoryURL = "https://github.com/realm/realm-cocoa.git";
			requirement = {
				branch = master;
				kind = branch;
			};
		};
/* End XCRemoteSwiftPackageReference section */

/* Begin XCSwiftPackageProductDependency section */
		F9739F012B230F6700FA1F8E /* SnapKit */ = {
			isa = XCSwiftPackageProductDependency;
			package = F9739F002B230F6700FA1F8E /* XCRemoteSwiftPackageReference "SnapKit" */;
			productName = SnapKit;
		};
		F9739F032B230F6700FA1F8E /* SnapKit-Dynamic */ = {
			isa = XCSwiftPackageProductDependency;
			package = F9739F002B230F6700FA1F8E /* XCRemoteSwiftPackageReference "SnapKit" */;
			productName = "SnapKit-Dynamic";
		};
		F9739F062B230F8100FA1F8E /* Realm */ = {
			isa = XCSwiftPackageProductDependency;
			package = F9739F052B230F8100FA1F8E /* XCRemoteSwiftPackageReference "realm-cocoa" */;
			productName = Realm;
		};
		F9739F082B230F8100FA1F8E /* RealmSwift */ = {
			isa = XCSwiftPackageProductDependency;
			package = F9739F052B230F8100FA1F8E /* XCRemoteSwiftPackageReference "realm-cocoa" */;
			productName = RealmSwift;
		};
/* End XCSwiftPackageProductDependency section */
	};
	rootObject = F9739ED52B23084600FA1F8E /* Project object */;
}
